{
  "name": "amazonPage",
  "lockfileVersion": 3,
  "requires": true,
  "packages": {
    "": {
      "dependencies": {
        "@fontsource/julius-sans-one": "^5.0.19",
        "@fontsource/poiret-one": "^5.0.19"
      }
    },
    "node_modules/@fontsource/julius-sans-one": {
      "version": "5.0.19",
      "resolved": "https://registry.npmjs.org/@fontsource/julius-sans-one/-/julius-sans-one-5.0.19.tgz",
      "integrity": "sha512-tHmTtK1G+ixarxR96b9gbInkG8ytylizpTrwZacff1LSNFh7LGNgLCUN8bvQ8jooy1em92+QLfiLxJpdkXOumw=="
    },
    "node_modules/@fontsource/poiret-one": {
      "version": "5.0.19",
      "resolved": "https://registry.npmjs.org/@fontsource/poiret-one/-/poiret-one-5.0.19.tgz",
      "integrity": "sha512-eh+pRU+7U+G2DY+K2o1inhKRXK4xuindA00ILnyDw66d/LiMr8Uk8IDaIYFBugL07j6mNVQbeevtH18K4V4tKA=="
    }
  }
}
